
Microsoft Visual Studio Solution File, Format Version 12.00
# Visual Studio 15
VisualStudioVersion = 15.0.27130.2027
MinimumVisualStudioVersion = 10.0.40219.1
Project("{8BC9CEB8-8B4A-11D0-8D11-00A0C91BC942}") = "FbxSdkWrapper", "FbxSdkWrapper\FbxSdkWrapper.vcxproj", "{46228303-44C3-47AD-830D-9702B09F97B1}"
EndProject
Project("{FAE04EC0-301F-11D3-BF4B-00C04F79EFBC}") = "FbxWrapperTest", "FbxWrapperTest\FbxWrapperTest.csproj", "{1A044749-7DCA-4B8B-BE76-DF79024E83B6}"
EndProject
Project("{FAE04EC0-301F-11D3-BF4B-00C04F79EFBC}") = "CommonLib", "..\..\SharpDxEngine\CommonLib\CommonLib.csproj", "{7E655B04-5914-4F26-9947-81C20B41F049}"
EndProject
Global
	GlobalSection(SolutionConfigurationPlatforms) = preSolution
		Debug|x64 = Debug|x64
		Debug|x86 = Debug|x86
		Release|x64 = Release|x64
		Release|x86 = Release|x86
	EndGlobalSection
	GlobalSection(ProjectConfigurationPlatforms) = postSolution
		{46228303-44C3-47AD-830D-9702B09F97B1}.Debug|x64.ActiveCfg = Debug|x64
		{46228303-44C3-47AD-830D-9702B09F97B1}.Debug|x64.Build.0 = Debug|x64
		{46228303-44C3-47AD-830D-9702B09F97B1}.Debug|x86.ActiveCfg = Debug|Win32
		{46228303-44C3-47AD-830D-9702B09F97B1}.Debug|x86.Build.0 = Debug|Win32
		{46228303-44C3-47AD-830D-9702B09F97B1}.Release|x64.ActiveCfg = Release|x64
		{46228303-44C3-47AD-830D-9702B09F97B1}.Release|x64.Build.0 = Release|x64
		{46228303-44C3-47AD-830D-9702B09F97B1}.Release|x86.ActiveCfg = Release|Win32
		{46228303-44C3-47AD-830D-9702B09F97B1}.Release|x86.Build.0 = Release|Win32
		{1A044749-7DCA-4B8B-BE76-DF79024E83B6}.Debug|x64.ActiveCfg = Debug|x64
		{1A044749-7DCA-4B8B-BE76-DF79024E83B6}.Debug|x64.Build.0 = Debug|x64
		{1A044749-7DCA-4B8B-BE76-DF79024E83B6}.Debug|x86.ActiveCfg = Debug|x86
		{1A044749-7DCA-4B8B-BE76-DF79024E83B6}.Debug|x86.Build.0 = Debug|x86
		{1A044749-7DCA-4B8B-BE76-DF79024E83B6}.Release|x64.ActiveCfg = Release|x64
		{1A044749-7DCA-4B8B-BE76-DF79024E83B6}.Release|x64.Build.0 = Release|x64
		{1A044749-7DCA-4B8B-BE76-DF79024E83B6}.Release|x86.ActiveCfg = Release|x86
		{7E655B04-5914-4F26-9947-81C20B41F049}.Debug|x64.ActiveCfg = Debug|Any CPU
		{7E655B04-5914-4F26-9947-81C20B41F049}.Debug|x64.Build.0 = Debug|Any CPU
		{7E655B04-5914-4F26-9947-81C20B41F049}.Debug|x86.ActiveCfg = Debug|Any CPU
		{7E655B04-5914-4F26-9947-81C20B41F049}.Release|x64.ActiveCfg = Release|Any CPU
		{7E655B04-5914-4F26-9947-81C20B41F049}.Release|x64.Build.0 = Release|Any CPU
		{7E655B04-5914-4F26-9947-81C20B41F049}.Release|x86.ActiveCfg = Release|Any CPU
		{7E655B04-5914-4F26-9947-81C20B41F049}.Release|x86.Build.0 = Release|Any CPU
	EndGlobalSection
	GlobalSection(SolutionProperties) = preSolution
		HideSolutionNode = FALSE
	EndGlobalSection
	GlobalSection(ExtensibilityGlobals) = postSolution
		SolutionGuid = {3A813B65-D55C-47B0-ACDA-B9CFDF1CB98A}
	EndGlobalSection
EndGlobal
