<?xml version="1.0" encoding="utf-8"?>
<Project ToolsVersion="4.0" xmlns="http://schemas.microsoft.com/developer/msbuild/2003">
  <ItemGroup>
    <ClCompile Include="AssemblyInfo.cpp" />
    <ClCompile Include="Manager.cpp" />
    <ClCompile Include="Scene.cpp" />
    <ClCompile Include="Node.cpp" />
    <ClCompile Include="Stdafx.cpp">
      <Filter>Helper</Filter>
    </ClCompile>
    <ClCompile Include="NodeAttribute.cpp" />
    <ClCompile Include="Mesh.cpp" />
    <ClCompile Include="Polygon.cpp" />
  </ItemGroup>
  <ItemGroup>
    <ClInclude Include="Properties.h">
      <Filter>Helper</Filter>
    </ClInclude>
    <ClInclude Include="Exception.h">
      <Filter>Helper</Filter>
    </ClInclude>
    <ClInclude Include="StringHelper.h">
      <Filter>Helper</Filter>
    </ClInclude>
    <ClInclude Include="Stdafx.h">
      <Filter>Helper</Filter>
    </ClInclude>
    <ClInclude Include="Manager.h">
      <Filter>Headers</Filter>
    </ClInclude>
    <ClInclude Include="Node.h">
      <Filter>Headers</Filter>
    </ClInclude>
    <ClInclude Include="resource.h">
      <Filter>Headers</Filter>
    </ClInclude>
    <ClInclude Include="Scene.h">
      <Filter>Headers</Filter>
    </ClInclude>
    <ClInclude Include="NodeAttribute.h">
      <Filter>Headers</Filter>
    </ClInclude>
    <ClInclude Include="Types.h">
      <Filter>Helper</Filter>
    </ClInclude>
    <ClInclude Include="Mesh.h">
      <Filter>Headers</Filter>
    </ClInclude>
    <ClInclude Include="Vectors.h">
      <Filter>Headers</Filter>
    </ClInclude>
    <ClInclude Include="Polygon.h">
      <Filter>Headers</Filter>
    </ClInclude>
  </ItemGroup>
  <ItemGroup>
    <Filter Include="Helper">
      <UniqueIdentifier>{83a7d2a3-490d-4e48-ba87-9bb7f72e70a4}</UniqueIdentifier>
    </Filter>
    <Filter Include="Headers">
      <UniqueIdentifier>{3088871d-0af1-4761-bc3e-e4acd24429f6}</UniqueIdentifier>
    </Filter>
  </ItemGroup>
  <ItemGroup>
    <Image Include="app.ico">
      <Filter>Helper</Filter>
    </Image>
  </ItemGroup>
  <ItemGroup>
    <ResourceCompile Include="app.rc">
      <Filter>Helper</Filter>
    </ResourceCompile>
  </ItemGroup>
  <ItemGroup>
    <Text Include="ReadMe.txt">
      <Filter>Helper</Filter>
    </Text>
  </ItemGroup>
</Project>