<?xml version="1.0" encoding="utf-8"?>
<Project ToolsVersion="4.0" xmlns="http://schemas.microsoft.com/developer/msbuild/2003">
  <ItemGroup>
    <ClCompile Include="AssemblyInfo.cpp" />
    <ClCompile Include="Manager.cpp" />
    <ClCompile Include="Scene.cpp" />
    <ClCompile Include="Node.cpp" />
    <ClCompile Include="Stdafx.cpp">
      <Filter>Helper</Filter>
    </ClCompile>
    <ClCompile Include="NodeAttribute.cpp" />
    <ClCompile Include="Mesh.cpp" />
    <ClCompile Include="Polygon.cpp" />
    <ClCompile Include="FileFormat.cpp" />
    <ClCompile Include="IOSetting.cpp" />
    <ClCompile Include="Material.cpp" />
    <ClCompile Include="Texture.cpp" />
  </ItemGroup>
  <ItemGroup>
    <ClInclude Include="Properties.h">
      <Filter>Helper</Filter>
    </ClInclude>
    <ClInclude Include="Exception.h">
      <Filter>Helper</Filter>
    </ClInclude>
    <ClInclude Include="StringHelper.h">
      <Filter>Helper</Filter>
    </ClInclude>
    <ClInclude Include="Stdafx.h">
      <Filter>Helper</Filter>
    </ClInclude>
    <ClInclude Include="IOSetting.h" />
    <ClInclude Include="Manager.h" />
    <ClInclude Include="Mesh.h" />
    <ClInclude Include="Node.h" />
    <ClInclude Include="Scene.h" />
    <ClInclude Include="FileFormat.h" />
    <ClInclude Include="NodeAttribute.h" />
    <ClInclude Include="Polygon.h" />
    <ClInclude Include="Types.h" />
    <ClInclude Include="Vector.h" />
    <ClInclude Include="resource.h">
      <Filter>Helper</Filter>
    </ClInclude>
    <ClInclude Include="LayerElementTool.h">
      <Filter>Helper</Filter>
    </ClInclude>
    <ClInclude Include="Material.h" />
    <ClInclude Include="Texture.h" />
  </ItemGroup>
  <ItemGroup>
    <Filter Include="Helper">
      <UniqueIdentifier>{83a7d2a3-490d-4e48-ba87-9bb7f72e70a4}</UniqueIdentifier>
    </Filter>
  </ItemGroup>
  <ItemGroup>
    <Image Include="app.ico">
      <Filter>Helper</Filter>
    </Image>
  </ItemGroup>
  <ItemGroup>
    <ResourceCompile Include="app.rc">
      <Filter>Helper</Filter>
    </ResourceCompile>
  </ItemGroup>
  <ItemGroup>
    <Text Include="ReadMe.txt">
      <Filter>Helper</Filter>
    </Text>
  </ItemGroup>
</Project>